{
  "name": "spotify-playlist-similarity-checker",
  "version": "1.2.0",
  "lockfileVersion": 2,
  "requires": true,
  "packages": {
    "": {
      "name": "spotify-playlist-similarity-checker",
      "version": "0.0.1",
      "license": "MIT",
      "dependencies": {
        "output-logger": "^2.3.6"
      }
    },
    "node_modules/fs": {
      "version": "0.0.1-security",
      "resolved": "https://registry.npmjs.org/fs/-/fs-0.0.1-security.tgz",
      "integrity": "sha512-3XY9e1pP0CVEUCdj5BmfIZxRBTSDycnbqhIOGec9QYtmVH2fbLpj86CFWkrNOkt/Fvty4KZG5lTglL9j/gJ87w=="
    },
    "node_modules/output-logger": {
      "version": "2.3.6",
      "resolved": "https://registry.npmjs.org/output-logger/-/output-logger-2.3.6.tgz",
      "integrity": "sha512-zIKihirYUZ4DKLosBnQU/33mk3w/7wId0O1pYRafKpRGurMKwM5G2DTdYkvCSEA9MOQR0sm2Eb4oiHp/3sr7Bg==",
      "dependencies": {
        "fs": "*",
        "readline": "^1.3.0"
      }
    },
    "node_modules/readline": {
      "version": "1.3.0",
      "resolved": "https://registry.npmjs.org/readline/-/readline-1.3.0.tgz",
      "integrity": "sha512-k2d6ACCkiNYz222Fs/iNze30rRJ1iIicW7JuX/7/cozvih6YCkFZH+J6mAFDVgv0dRBaAyr4jDqC95R2y4IADg=="
    }
  },
  "dependencies": {
    "fs": {
      "version": "0.0.1-security",
      "resolved": "https://registry.npmjs.org/fs/-/fs-0.0.1-security.tgz",
      "integrity": "sha512-3XY9e1pP0CVEUCdj5BmfIZxRBTSDycnbqhIOGec9QYtmVH2fbLpj86CFWkrNOkt/Fvty4KZG5lTglL9j/gJ87w=="
    },
    "output-logger": {
      "version": "2.3.6",
      "resolved": "https://registry.npmjs.org/output-logger/-/output-logger-2.3.6.tgz",
      "integrity": "sha512-zIKihirYUZ4DKLosBnQU/33mk3w/7wId0O1pYRafKpRGurMKwM5G2DTdYkvCSEA9MOQR0sm2Eb4oiHp/3sr7Bg==",
      "requires": {
        "fs": "*",
        "readline": "^1.3.0"
      }
    },
    "readline": {
      "version": "1.3.0",
      "resolved": "https://registry.npmjs.org/readline/-/readline-1.3.0.tgz",
      "integrity": "sha512-k2d6ACCkiNYz222Fs/iNze30rRJ1iIicW7JuX/7/cozvih6YCkFZH+J6mAFDVgv0dRBaAyr4jDqC95R2y4IADg=="
    }
  }
}
