{
  "name": "spotify-playlist-similarity-checker",
  "version": "0.0.1",
  "lockfileVersion": 2,
  "requires": true,
  "packages": {
    "": {
      "name": "spotify-playlist-similarity-checker",
      "version": "0.0.1",
      "license": "MIT",
      "dependencies": {
        "output-logger": "^2.1.1"
      }
    },
    "node_modules/fs": {
      "version": "0.0.1-security",
      "resolved": "https://registry.npmjs.org/fs/-/fs-0.0.1-security.tgz",
      "integrity": "sha1-invTcYa23d84E/I4WLV+yq9eQdQ="
    },
    "node_modules/output-logger": {
      "version": "2.1.1",
      "resolved": "https://registry.npmjs.org/output-logger/-/output-logger-2.1.1.tgz",
      "integrity": "sha512-qaXq8YcXZZ6jBBkUAFxwdZBSNIJVuhEWuwTRh0y48hT010ED8Oz/t5apwJ4PS+rryru3J/T/j9/UqXkXO8eUrA==",
      "dependencies": {
        "fs": "*",
        "readline": "^1.3.0"
      }
    },
    "node_modules/readline": {
      "version": "1.3.0",
      "resolved": "https://registry.npmjs.org/readline/-/readline-1.3.0.tgz",
      "integrity": "sha1-xYDXfvLPyHUrEySYBg3JeTp6wBw="
    }
  },
  "dependencies": {
    "fs": {
      "version": "0.0.1-security",
      "resolved": "https://registry.npmjs.org/fs/-/fs-0.0.1-security.tgz",
      "integrity": "sha1-invTcYa23d84E/I4WLV+yq9eQdQ="
    },
    "output-logger": {
      "version": "2.1.1",
      "resolved": "https://registry.npmjs.org/output-logger/-/output-logger-2.1.1.tgz",
      "integrity": "sha512-qaXq8YcXZZ6jBBkUAFxwdZBSNIJVuhEWuwTRh0y48hT010ED8Oz/t5apwJ4PS+rryru3J/T/j9/UqXkXO8eUrA==",
      "requires": {
        "fs": "*",
        "readline": "^1.3.0"
      }
    },
    "readline": {
      "version": "1.3.0",
      "resolved": "https://registry.npmjs.org/readline/-/readline-1.3.0.tgz",
      "integrity": "sha1-xYDXfvLPyHUrEySYBg3JeTp6wBw="
    }
  }
}
